// !$*UTF8*$!
{
	archiveVersion = 1;
	classes = {
	};
	objectVersion = 77;
	objects = {

/* Begin PBXBuildFile section */
		047A2CE3A2C4318F5AE847D0 /* OTPVerifyScreen.swift in Sources */ = {isa = PBXBuildFile; fileRef = 2A9B574860D504DA522A27DA /* OTPVerifyScreen.swift */; };
		06607B05FC5E776C444B15C5 /* SettingsScreen.swift in Sources */ = {isa = PBXBuildFile; fileRef = 727B1AE8F21D0386D3FF1FE4 /* SettingsScreen.swift */; };
		0C5D2E0187DCD7336F4B8208 /* SectionCard.swift in Sources */ = {isa = PBXBuildFile; fileRef = C7AA6C157FFD8C54F3DD504F /* SectionCard.swift */; };
		11F8CD469D84ECB1F0BE8B4C /* MainTabView.swift in Sources */ = {isa = PBXBuildFile; fileRef = 4E2294847314AD00F6C1A794 /* MainTabView.swift */; };
		1E0F4FD045E19689B0FFCDE2 /* AddExpenseScreen.swift in Sources */ = {isa = PBXBuildFile; fileRef = 7FB25EBD3BB613AB5BA27135 /* AddExpenseScreen.swift */; };
		1F7733C6400644B9A326BEFE /* SplitConfigStep.swift in Sources */ = {isa = PBXBuildFile; fileRef = 3DF77F1E000F4BD5871C75C0 /* SplitConfigStep.swift */; };
		2E7BDDFF9BAF08C52FB09DF2 /* APIConfiguration.swift in Sources */ = {isa = PBXBuildFile; fileRef = 4BB790B696CA71D5136E9F98 /* APIConfiguration.swift */; };
		36C76589026741778773A3A0 /* SplitModeScreen.swift in Sources */ = {isa = PBXBuildFile; fileRef = 42B14C0737EB45AD9C45AEAC /* SplitModeScreen.swift */; };
		37915BDFA4DD57C5818E6006 /* AuthEndpoint.swift in Sources */ = {isa = PBXBuildFile; fileRef = 5B8A83344D05376026C8052A /* AuthEndpoint.swift */; };
		3C489EFA99DE54FAC73E6861 /* Assets.xcassets in Resources */ = {isa = PBXBuildFile; fileRef = 165CD276EE42B973B3ED9FD3 /* Assets.xcassets */; };
		3CA797372F87ECFB00A3BEB7 /* GroupDetailPreviews.swift in Sources */ = {isa = PBXBuildFile; fileRef = 3CA797362F87ECFB00A3BEB7 /* GroupDetailPreviews.swift */; };
		3E78B2D920F20163824C591E /* ReknTests.swift in Sources */ = {isa = PBXBuildFile; fileRef = 0C4D294F3197F94BFB38912F /* ReknTests.swift */; };
		473B87E270C1EBB27239F80C /* SettleUpScreen.swift in Sources */ = {isa = PBXBuildFile; fileRef = 356D8A76009E31609521B813 /* SettleUpScreen.swift */; };
		49024A9ED5104332AD9D536D /* PayerSelectionScreen.swift in Sources */ = {isa = PBXBuildFile; fileRef = EEE719C0E0124B028BE5E224 /* PayerSelectionScreen.swift */; };
		4C631954CE28177012B6ED1B /* APIModels.swift in Sources */ = {isa = PBXBuildFile; fileRef = 4E8CF511A56D2292A717F5F2 /* APIModels.swift */; };
		58D6CFBDC7F073B90ADB6A92 /* NameSetupScreen.swift in Sources */ = {isa = PBXBuildFile; fileRef = 5E1BCD6006CD47458DB2AFC4 /* NameSetupScreen.swift */; };
		5B0537AB9A0C1FC44208670A /* SettlementDetailScreen.swift in Sources */ = {isa = PBXBuildFile; fileRef = F14B3A1C1F4343CC25DEA84B /* SettlementDetailScreen.swift */; };
		655DEC9A081D3ADBD52E21DB /* APIResponse.swift in Sources */ = {isa = PBXBuildFile; fileRef = 8DF84AF30C4EC5524A3B2366 /* APIResponse.swift */; };
		698B1B87B2B4A4047ECF4791 /* ExpensesEndpoint.swift in Sources */ = {isa = PBXBuildFile; fileRef = 80989602318F14FFFC5596F4 /* ExpensesEndpoint.swift */; };
		6ACD1D60F43E32A0D366063D /* MemberPickerScreen.swift in Sources */ = {isa = PBXBuildFile; fileRef = 80EA6ECB5A62C056572091C0 /* MemberPickerScreen.swift */; };
		6FE8858A643955BCC71E7EF5 /* KeychainService.swift in Sources */ = {isa = PBXBuildFile; fileRef = 3480270B90B2B05DA1773214 /* KeychainService.swift */; };
		71CD7B675906DCD306577983 /* PhoneEntryScreen.swift in Sources */ = {isa = PBXBuildFile; fileRef = 137B3AD004CD14B885D6B870 /* PhoneEntryScreen.swift */; };
		76E59E5974D31CE9A0292D4A /* SettlementsEndpoint.swift in Sources */ = {isa = PBXBuildFile; fileRef = 83799FA0E2F674013E85F25E /* SettlementsEndpoint.swift */; };
		7E0DA59466794197A70EBBE9 /* ExpenseDetailsStep.swift in Sources */ = {isa = PBXBuildFile; fileRef = E44B462CF400471EB997F2E5 /* ExpenseDetailsStep.swift */; };
		8D3DA3116D424815A2C98085 /* MemberAvatar.swift in Sources */ = {isa = PBXBuildFile; fileRef = 323897F7B1E6BF6AA8DF1320 /* MemberAvatar.swift */; };
		9E3325C90E8E68836497FAB4 /* GroupsListScreen.swift in Sources */ = {isa = PBXBuildFile; fileRef = CF159A0829AB1E24FA1CF145 /* GroupsListScreen.swift */; };
		A2C7FBE192841CC5308ECE3E /* ReknApp.swift in Sources */ = {isa = PBXBuildFile; fileRef = 2B97032A75D7830FE4195A3D /* ReknApp.swift */; };
		AAB5DA17EE2F455DBE4D046E /* ReviewExpenseStep.swift in Sources */ = {isa = PBXBuildFile; fileRef = 67845BA2633A433B97823484 /* ReviewExpenseStep.swift */; };
		AFF1924E157906DBBCEAA39E /* BalanceBar.swift in Sources */ = {isa = PBXBuildFile; fileRef = 0F6B6B69A56D97A4892F9BE6 /* BalanceBar.swift */; };
		B1C8452FBDDBDCF97429F57B /* APIClient.swift in Sources */ = {isa = PBXBuildFile; fileRef = E5D3520E30D0FAE73AE216CA /* APIClient.swift */; };
		B21522063EF6E318E9ACA30E /* GroupsEndpoint.swift in Sources */ = {isa = PBXBuildFile; fileRef = DE9D2A4B24A695ADA0E5AA2A /* GroupsEndpoint.swift */; };
		B2F906E77003E466ABD3F2E5 /* GroupNameScreen.swift in Sources */ = {isa = PBXBuildFile; fileRef = B81B7F5F8FF42DFEFD33E4A3 /* GroupNameScreen.swift */; };
		C339A2E123F64EE294F28A0E /* SplitMode.swift in Sources */ = {isa = PBXBuildFile; fileRef = 195251EA988D48E1A9416F07 /* SplitMode.swift */; };
		C566F0729259CA9AF3B1F54A /* Helpers.swift in Sources */ = {isa = PBXBuildFile; fileRef = 1277C7E25684AB4F7F0EFC6C /* Helpers.swift */; };
		C6C192FCBAD548E99D37C8BD /* EditGroupScreen.swift in Sources */ = {isa = PBXBuildFile; fileRef = 35F90CA717584A3B899B7D38 /* EditGroupScreen.swift */; };
		C7E8619B30AE40AEA0A2357D /* AddExpenseModel.swift in Sources */ = {isa = PBXBuildFile; fileRef = 19A61ADA4B2B4537BE7CC96A /* AddExpenseModel.swift */; };
		CA16739B37885481709B16CD /* Group.swift in Sources */ = {isa = PBXBuildFile; fileRef = 7399BE6DC2C97920BFD87768 /* Group.swift */; };
		CBF0197E85FDF3A9A23BF3CD /* MembersEndpoint.swift in Sources */ = {isa = PBXBuildFile; fileRef = D572E146AF1DC5F5E0AB752B /* MembersEndpoint.swift */; };
		D08E9E06A7F2BC9A2DA71E4B /* GroupDetailScreen.swift in Sources */ = {isa = PBXBuildFile; fileRef = CBF0F9E39662C552CB14AF8B /* GroupDetailScreen.swift */; };
		D0B00EFFDF1D43018AA3A8AB /* Theme.swift in Sources */ = {isa = PBXBuildFile; fileRef = 1136F79CB2FE4360B6972DE8 /* Theme.swift */; };
		D7AD7FC3B5844D158BEB1CF9 /* ReknTextField.swift in Sources */ = {isa = PBXBuildFile; fileRef = B784D7D3E4954EE28D99649A /* ReknTextField.swift */; };
		DADD8C2F8DAE5A053B804A83 /* ReknUITests.swift in Sources */ = {isa = PBXBuildFile; fileRef = 9B8D1E6BCCC4B6CB7F4294C7 /* ReknUITests.swift */; };
		E411DFA64507ED9A9BD38ED1 /* AuthManager.swift in Sources */ = {isa = PBXBuildFile; fileRef = 73C0D37DAD57E43170714D3F /* AuthManager.swift */; };
		E92CFF36AD704585860F1854 /* ExpenseDetailScreen.swift in Sources */ = {isa = PBXBuildFile; fileRef = 0DF4011A035C4A31B474D31B /* ExpenseDetailScreen.swift */; };
		F724039B565BD143D394ADAB /* APIError.swift in Sources */ = {isa = PBXBuildFile; fileRef = D2BAD04536C0C454C0CFD085 /* APIError.swift */; };
		F7747832AF193BAE8B7360DE /* GroupStore.swift in Sources */ = {isa = PBXBuildFile; fileRef = 3F56BC4458F2D1066E7AA867 /* GroupStore.swift */; };
/* End PBXBuildFile section */

/* Begin PBXContainerItemProxy section */
		9AD925876D4EC6A696D5D8A0 /* PBXContainerItemProxy */ = {
			isa = PBXContainerItemProxy;
			containerPortal = B6ECC7C61930F32CAD74D7C1 /* Project object */;
			proxyType = 1;
			remoteGlobalIDString = 938247ACE40C2122044376A9;
			remoteInfo = Rekn;
		};
		ED4F9754B28622F3A1A9F2F9 /* PBXContainerItemProxy */ = {
			isa = PBXContainerItemProxy;
			containerPortal = B6ECC7C61930F32CAD74D7C1 /* Project object */;
			proxyType = 1;
			remoteGlobalIDString = 938247ACE40C2122044376A9;
			remoteInfo = Rekn;
		};
/* End PBXContainerItemProxy section */

/* Begin PBXFileReference section */
		0C4D294F3197F94BFB38912F /* ReknTests.swift */ = {isa = PBXFileReference; lastKnownFileType = sourcecode.swift; path = ReknTests.swift; sourceTree = "<group>"; };
		0DF4011A035C4A31B474D31B /* ExpenseDetailScreen.swift */ = {isa = PBXFileReference; lastKnownFileType = sourcecode.swift; path = ExpenseDetailScreen.swift; sourceTree = "<group>"; };
		0F6B6B69A56D97A4892F9BE6 /* BalanceBar.swift */ = {isa = PBXFileReference; lastKnownFileType = sourcecode.swift; path = BalanceBar.swift; sourceTree = "<group>"; };
		1136F79CB2FE4360B6972DE8 /* Theme.swift */ = {isa = PBXFileReference; lastKnownFileType = sourcecode.swift; path = Theme.swift; sourceTree = "<group>"; };
		1277C7E25684AB4F7F0EFC6C /* Helpers.swift */ = {isa = PBXFileReference; lastKnownFileType = sourcecode.swift; path = Helpers.swift; sourceTree = "<group>"; };
		137B3AD004CD14B885D6B870 /* PhoneEntryScreen.swift */ = {isa = PBXFileReference; lastKnownFileType = sourcecode.swift; path = PhoneEntryScreen.swift; sourceTree = "<group>"; };
		165CD276EE42B973B3ED9FD3 /* Assets.xcassets */ = {isa = PBXFileReference; lastKnownFileType = folder.assetcatalog; path = Assets.xcassets; sourceTree = "<group>"; };
		195251EA988D48E1A9416F07 /* SplitMode.swift */ = {isa = PBXFileReference; lastKnownFileType = sourcecode.swift; path = SplitMode.swift; sourceTree = "<group>"; };
		19A61ADA4B2B4537BE7CC96A /* AddExpenseModel.swift */ = {isa = PBXFileReference; lastKnownFileType = sourcecode.swift; path = AddExpenseModel.swift; sourceTree = "<group>"; };
		2A9B574860D504DA522A27DA /* OTPVerifyScreen.swift */ = {isa = PBXFileReference; lastKnownFileType = sourcecode.swift; path = OTPVerifyScreen.swift; sourceTree = "<group>"; };
		2B97032A75D7830FE4195A3D /* ReknApp.swift */ = {isa = PBXFileReference; lastKnownFileType = sourcecode.swift; path = ReknApp.swift; sourceTree = "<group>"; };
		323897F7B1E6BF6AA8DF1320 /* MemberAvatar.swift */ = {isa = PBXFileReference; lastKnownFileType = sourcecode.swift; path = MemberAvatar.swift; sourceTree = "<group>"; };
		3480270B90B2B05DA1773214 /* KeychainService.swift */ = {isa = PBXFileReference; lastKnownFileType = sourcecode.swift; path = KeychainService.swift; sourceTree = "<group>"; };
		356D8A76009E31609521B813 /* SettleUpScreen.swift */ = {isa = PBXFileReference; lastKnownFileType = sourcecode.swift; path = SettleUpScreen.swift; sourceTree = "<group>"; };
		35F90CA717584A3B899B7D38 /* EditGroupScreen.swift */ = {isa = PBXFileReference; lastKnownFileType = sourcecode.swift; path = EditGroupScreen.swift; sourceTree = "<group>"; };
		3CA797362F87ECFB00A3BEB7 /* GroupDetailPreviews.swift */ = {isa = PBXFileReference; lastKnownFileType = sourcecode.swift; path = GroupDetailPreviews.swift; sourceTree = "<group>"; };
		3DF77F1E000F4BD5871C75C0 /* SplitConfigStep.swift */ = {isa = PBXFileReference; lastKnownFileType = sourcecode.swift; path = SplitConfigStep.swift; sourceTree = "<group>"; };
		3F56BC4458F2D1066E7AA867 /* GroupStore.swift */ = {isa = PBXFileReference; lastKnownFileType = sourcecode.swift; path = GroupStore.swift; sourceTree = "<group>"; };
		42B14C0737EB45AD9C45AEAC /* SplitModeScreen.swift */ = {isa = PBXFileReference; lastKnownFileType = sourcecode.swift; path = SplitModeScreen.swift; sourceTree = "<group>"; };
		49F089323C72D361E5728E92 /* Info.plist */ = {isa = PBXFileReference; lastKnownFileType = text.plist; path = Info.plist; sourceTree = "<group>"; };
		4BB790B696CA71D5136E9F98 /* APIConfiguration.swift */ = {isa = PBXFileReference; lastKnownFileType = sourcecode.swift; path = APIConfiguration.swift; sourceTree = "<group>"; };
		4E2294847314AD00F6C1A794 /* MainTabView.swift */ = {isa = PBXFileReference; lastKnownFileType = sourcecode.swift; path = MainTabView.swift; sourceTree = "<group>"; };
		4E8CF511A56D2292A717F5F2 /* APIModels.swift */ = {isa = PBXFileReference; lastKnownFileType = sourcecode.swift; path = APIModels.swift; sourceTree = "<group>"; };
		5B8A83344D05376026C8052A /* AuthEndpoint.swift */ = {isa = PBXFileReference; lastKnownFileType = sourcecode.swift; path = AuthEndpoint.swift; sourceTree = "<group>"; };
		5E1BCD6006CD47458DB2AFC4 /* NameSetupScreen.swift */ = {isa = PBXFileReference; lastKnownFileType = sourcecode.swift; path = NameSetupScreen.swift; sourceTree = "<group>"; };
		67845BA2633A433B97823484 /* ReviewExpenseStep.swift */ = {isa = PBXFileReference; lastKnownFileType = sourcecode.swift; path = ReviewExpenseStep.swift; sourceTree = "<group>"; };
		727B1AE8F21D0386D3FF1FE4 /* SettingsScreen.swift */ = {isa = PBXFileReference; lastKnownFileType = sourcecode.swift; path = SettingsScreen.swift; sourceTree = "<group>"; };
		7399BE6DC2C97920BFD87768 /* Group.swift */ = {isa = PBXFileReference; lastKnownFileType = sourcecode.swift; path = Group.swift; sourceTree = "<group>"; };
		73C0D37DAD57E43170714D3F /* AuthManager.swift */ = {isa = PBXFileReference; lastKnownFileType = sourcecode.swift; path = AuthManager.swift; sourceTree = "<group>"; };
		7FB25EBD3BB613AB5BA27135 /* AddExpenseScreen.swift */ = {isa = PBXFileReference; lastKnownFileType = sourcecode.swift; path = AddExpenseScreen.swift; sourceTree = "<group>"; };
		80989602318F14FFFC5596F4 /* ExpensesEndpoint.swift */ = {isa = PBXFileReference; lastKnownFileType = sourcecode.swift; path = ExpensesEndpoint.swift; sourceTree = "<group>"; };
		80EA6ECB5A62C056572091C0 /* MemberPickerScreen.swift */ = {isa = PBXFileReference; lastKnownFileType = sourcecode.swift; path = MemberPickerScreen.swift; sourceTree = "<group>"; };
		82492582DCE8FCEE4607B083 /* ReknTests.xctest */ = {isa = PBXFileReference; includeInIndex = 0; lastKnownFileType = wrapper.cfbundle; path = ReknTests.xctest; sourceTree = BUILT_PRODUCTS_DIR; };
		83799FA0E2F674013E85F25E /* SettlementsEndpoint.swift */ = {isa = PBXFileReference; lastKnownFileType = sourcecode.swift; path = SettlementsEndpoint.swift; sourceTree = "<group>"; };
		8DF84AF30C4EC5524A3B2366 /* APIResponse.swift */ = {isa = PBXFileReference; lastKnownFileType = sourcecode.swift; path = APIResponse.swift; sourceTree = "<group>"; };
		9B8D1E6BCCC4B6CB7F4294C7 /* ReknUITests.swift */ = {isa = PBXFileReference; lastKnownFileType = sourcecode.swift; path = ReknUITests.swift; sourceTree = "<group>"; };
		B784D7D3E4954EE28D99649A /* ReknTextField.swift */ = {isa = PBXFileReference; lastKnownFileType = sourcecode.swift; path = ReknTextField.swift; sourceTree = "<group>"; };
		B81B7F5F8FF42DFEFD33E4A3 /* GroupNameScreen.swift */ = {isa = PBXFileReference; lastKnownFileType = sourcecode.swift; path = GroupNameScreen.swift; sourceTree = "<group>"; };
		C7AA6C157FFD8C54F3DD504F /* SectionCard.swift */ = {isa = PBXFileReference; lastKnownFileType = sourcecode.swift; path = SectionCard.swift; sourceTree = "<group>"; };
		CBF0F9E39662C552CB14AF8B /* GroupDetailScreen.swift */ = {isa = PBXFileReference; lastKnownFileType = sourcecode.swift; path = GroupDetailScreen.swift; sourceTree = "<group>"; };
		CF159A0829AB1E24FA1CF145 /* GroupsListScreen.swift */ = {isa = PBXFileReference; lastKnownFileType = sourcecode.swift; path = GroupsListScreen.swift; sourceTree = "<group>"; };
		D2BAD04536C0C454C0CFD085 /* APIError.swift */ = {isa = PBXFileReference; lastKnownFileType = sourcecode.swift; path = APIError.swift; sourceTree = "<group>"; };
		D572E146AF1DC5F5E0AB752B /* MembersEndpoint.swift */ = {isa = PBXFileReference; lastKnownFileType = sourcecode.swift; path = MembersEndpoint.swift; sourceTree = "<group>"; };
		DE9D2A4B24A695ADA0E5AA2A /* GroupsEndpoint.swift */ = {isa = PBXFileReference; lastKnownFileType = sourcecode.swift; path = GroupsEndpoint.swift; sourceTree = "<group>"; };
		E44B462CF400471EB997F2E5 /* ExpenseDetailsStep.swift */ = {isa = PBXFileReference; lastKnownFileType = sourcecode.swift; path = ExpenseDetailsStep.swift; sourceTree = "<group>"; };
		E5D3520E30D0FAE73AE216CA /* APIClient.swift */ = {isa = PBXFileReference; lastKnownFileType = sourcecode.swift; path = APIClient.swift; sourceTree = "<group>"; };
		E8DD70A00AF03E72E27509D9 /* Rekn.app */ = {isa = PBXFileReference; explicitFileType = wrapper.application; includeInIndex = 0; path = Rekn.app; sourceTree = BUILT_PRODUCTS_DIR; };
		E931A3855F6AB42BC2015C21 /* ReknUITests.xctest */ = {isa = PBXFileReference; includeInIndex = 0; lastKnownFileType = wrapper.cfbundle; path = ReknUITests.xctest; sourceTree = BUILT_PRODUCTS_DIR; };
		EEE719C0E0124B028BE5E224 /* PayerSelectionScreen.swift */ = {isa = PBXFileReference; lastKnownFileType = sourcecode.swift; path = PayerSelectionScreen.swift; sourceTree = "<group>"; };
		F14B3A1C1F4343CC25DEA84B /* SettlementDetailScreen.swift */ = {isa = PBXFileReference; lastKnownFileType = sourcecode.swift; path = SettlementDetailScreen.swift; sourceTree = "<group>"; };
/* End PBXFileReference section */

/* Begin PBXGroup section */
		08E9DB237CF4E6E1ABDB340D /* Settings */ = {
			isa = PBXGroup;
			children = (
				727B1AE8F21D0386D3FF1FE4 /* SettingsScreen.swift */,
			);
			path = Settings;
			sourceTree = "<group>";
		};
		1DA6FAACCA39A9DF7B72F83F = {
			isa = PBXGroup;
			children = (
				F43282DBCFDD189AE8DDC50A /* Rekn */,
				AB8C61142C3B44786662E347 /* ReknTests */,
				1E58928FC9C7CF9387FAADD7 /* ReknUITests */,
				D5031B6C530E2070CC311780 /* Products */,
			);
			sourceTree = "<group>";
		};
		1E58928FC9C7CF9387FAADD7 /* ReknUITests */ = {
			isa = PBXGroup;
			children = (
				9B8D1E6BCCC4B6CB7F4294C7 /* ReknUITests.swift */,
			);
			path = ReknUITests;
			sourceTree = "<group>";
		};
		2522E2639B33742C2125A4AE /* Groups */ = {
			isa = PBXGroup;
			children = (
				3CA797362F87ECFB00A3BEB7 /* GroupDetailPreviews.swift */,
				7FB25EBD3BB613AB5BA27135 /* AddExpenseScreen.swift */,
				CBF0F9E39662C552CB14AF8B /* GroupDetailScreen.swift */,
				B81B7F5F8FF42DFEFD33E4A3 /* GroupNameScreen.swift */,
				35F90CA717584A3B899B7D38 /* EditGroupScreen.swift */,
				19A61ADA4B2B4537BE7CC96A /* AddExpenseModel.swift */,
				0DF4011A035C4A31B474D31B /* ExpenseDetailScreen.swift */,
				E44B462CF400471EB997F2E5 /* ExpenseDetailsStep.swift */,
				EEE719C0E0124B028BE5E224 /* PayerSelectionScreen.swift */,
				67845BA2633A433B97823484 /* ReviewExpenseStep.swift */,
				3DF77F1E000F4BD5871C75C0 /* SplitConfigStep.swift */,
				42B14C0737EB45AD9C45AEAC /* SplitModeScreen.swift */,
				CF159A0829AB1E24FA1CF145 /* GroupsListScreen.swift */,
				80EA6ECB5A62C056572091C0 /* MemberPickerScreen.swift */,
				F14B3A1C1F4343CC25DEA84B /* SettlementDetailScreen.swift */,
				356D8A76009E31609521B813 /* SettleUpScreen.swift */,
			);
			path = Groups;
			sourceTree = "<group>";
		};
		3A207858E9A850856904935A /* Networking */ = {
			isa = PBXGroup;
			children = (
				E5D3520E30D0FAE73AE216CA /* APIClient.swift */,
				4BB790B696CA71D5136E9F98 /* APIConfiguration.swift */,
				D2BAD04536C0C454C0CFD085 /* APIError.swift */,
				8DF84AF30C4EC5524A3B2366 /* APIResponse.swift */,
				FA7BB4D558BE7D7651F8D92F /* Endpoints */,
			);
			path = Networking;
			sourceTree = "<group>";
		};
		4A879C13D16B2816E5FD782F /* Screens */ = {
			isa = PBXGroup;
			children = (
				4E2294847314AD00F6C1A794 /* MainTabView.swift */,
				F9F69E39D522B21338930A6D /* Auth */,
				2522E2639B33742C2125A4AE /* Groups */,
				08E9DB237CF4E6E1ABDB340D /* Settings */,
			);
			path = Screens;
			sourceTree = "<group>";
		};
		672F2ED9B528FA05406C2F88 /* API */ = {
			isa = PBXGroup;
			children = (
				4E8CF511A56D2292A717F5F2 /* APIModels.swift */,
			);
			path = API;
			sourceTree = "<group>";
		};
		A4361E1F4D65289F99882013 /* Auth */ = {
			isa = PBXGroup;
			children = (
				73C0D37DAD57E43170714D3F /* AuthManager.swift */,
				3480270B90B2B05DA1773214 /* KeychainService.swift */,
			);
			path = Auth;
			sourceTree = "<group>";
		};
		A4A39C1E0497E543CD96D891 /* Services */ = {
			isa = PBXGroup;
			children = (
				3F56BC4458F2D1066E7AA867 /* GroupStore.swift */,
			);
			path = Services;
			sourceTree = "<group>";
		};
		AB8C61142C3B44786662E347 /* ReknTests */ = {
			isa = PBXGroup;
			children = (
				0C4D294F3197F94BFB38912F /* ReknTests.swift */,
			);
			path = ReknTests;
			sourceTree = "<group>";
		};
		D5031B6C530E2070CC311780 /* Products */ = {
			isa = PBXGroup;
			children = (
				E8DD70A00AF03E72E27509D9 /* Rekn.app */,
				82492582DCE8FCEE4607B083 /* ReknTests.xctest */,
				E931A3855F6AB42BC2015C21 /* ReknUITests.xctest */,
			);
			name = Products;
			sourceTree = "<group>";
		};
		DC3D3FE19000A94F9DDA8C85 /* Components */ = {
			isa = PBXGroup;
			children = (
				0F6B6B69A56D97A4892F9BE6 /* BalanceBar.swift */,
				1277C7E25684AB4F7F0EFC6C /* Helpers.swift */,
				323897F7B1E6BF6AA8DF1320 /* MemberAvatar.swift */,
				C7AA6C157FFD8C54F3DD504F /* SectionCard.swift */,
				B784D7D3E4954EE28D99649A /* ReknTextField.swift */,
				1136F79CB2FE4360B6972DE8 /* Theme.swift */,
			);
			path = Components;
			sourceTree = "<group>";
		};
		F43282DBCFDD189AE8DDC50A /* Rekn */ = {
			isa = PBXGroup;
			children = (
				165CD276EE42B973B3ED9FD3 /* Assets.xcassets */,
				49F089323C72D361E5728E92 /* Info.plist */,
				2B97032A75D7830FE4195A3D /* ReknApp.swift */,
				A4361E1F4D65289F99882013 /* Auth */,
				DC3D3FE19000A94F9DDA8C85 /* Components */,
				F69E38BAA88D6735F96D9D6D /* Models */,
				3A207858E9A850856904935A /* Networking */,
				4A879C13D16B2816E5FD782F /* Screens */,
				A4A39C1E0497E543CD96D891 /* Services */,
			);
			path = Rekn;
			sourceTree = "<group>";
		};
		F69E38BAA88D6735F96D9D6D /* Models */ = {
			isa = PBXGroup;
			children = (
				7399BE6DC2C97920BFD87768 /* Group.swift */,
				195251EA988D48E1A9416F07 /* SplitMode.swift */,
				672F2ED9B528FA05406C2F88 /* API */,
			);
			path = Models;
			sourceTree = "<group>";
		};
		F9F69E39D522B21338930A6D /* Auth */ = {
			isa = PBXGroup;
			children = (
				5E1BCD6006CD47458DB2AFC4 /* NameSetupScreen.swift */,
				2A9B574860D504DA522A27DA /* OTPVerifyScreen.swift */,
				137B3AD004CD14B885D6B870 /* PhoneEntryScreen.swift */,
			);
			path = Auth;
			sourceTree = "<group>";
		};
		FA7BB4D558BE7D7651F8D92F /* Endpoints */ = {
			isa = PBXGroup;
			children = (
				5B8A83344D05376026C8052A /* AuthEndpoint.swift */,
				80989602318F14FFFC5596F4 /* ExpensesEndpoint.swift */,
				DE9D2A4B24A695ADA0E5AA2A /* GroupsEndpoint.swift */,
				D572E146AF1DC5F5E0AB752B /* MembersEndpoint.swift */,
				83799FA0E2F674013E85F25E /* SettlementsEndpoint.swift */,
			);
			path = Endpoints;
			sourceTree = "<group>";
		};
/* End PBXGroup section */

/* Begin PBXNativeTarget section */
		4BEBD7BDEAB38D4557140738 /* ReknTests */ = {
			isa = PBXNativeTarget;
			buildConfigurationList = 39B5953D1303394A4499539E /* Build configuration list for PBXNativeTarget "ReknTests" */;
			buildPhases = (
				5DC695CC692C94B4CC20EEA5 /* Sources */,
			);
			buildRules = (
			);
			dependencies = (
				615D79E778A2F070430C3EBD /* PBXTargetDependency */,
			);
			name = ReknTests;
			packageProductDependencies = (
			);
			productName = ReknTests;
			productReference = 82492582DCE8FCEE4607B083 /* ReknTests.xctest */;
			productType = "com.apple.product-type.bundle.unit-test";
		};
		6C79122F92F92A532E02D793 /* ReknUITests */ = {
			isa = PBXNativeTarget;
			buildConfigurationList = 287E854D7A46B1B28078C61E /* Build configuration list for PBXNativeTarget "ReknUITests" */;
			buildPhases = (
				D4CDBF37C97A81A46659960E /* Sources */,
			);
			buildRules = (
			);
			dependencies = (
				23E796F066B18FE65F94A1CC /* PBXTargetDependency */,
			);
			name = ReknUITests;
			packageProductDependencies = (
			);
			productName = ReknUITests;
			productReference = E931A3855F6AB42BC2015C21 /* ReknUITests.xctest */;
			productType = "com.apple.product-type.bundle.ui-testing";
		};
		938247ACE40C2122044376A9 /* Rekn */ = {
			isa = PBXNativeTarget;
			buildConfigurationList = 2BBD4BB03C6144118D822D94 /* Build configuration list for PBXNativeTarget "Rekn" */;
			buildPhases = (
				390104B55F060207818415A5 /* Sources */,
				158ECD28F1DAC91E85C80176 /* Resources */,
			);
			buildRules = (
			);
			dependencies = (
			);
			name = Rekn;
			packageProductDependencies = (
			);
			productName = Rekn;
			productReference = E8DD70A00AF03E72E27509D9 /* Rekn.app */;
			productType = "com.apple.product-type.application";
		};
/* End PBXNativeTarget section */

/* Begin PBXProject section */
		B6ECC7C61930F32CAD74D7C1 /* Project object */ = {
			isa = PBXProject;
			attributes = {
				BuildIndependentTargetsInParallel = YES;
				LastUpgradeCheck = 1600;
				TargetAttributes = {
					6C79122F92F92A532E02D793 = {
						TestTargetID = 938247ACE40C2122044376A9;
					};
					938247ACE40C2122044376A9 = {
						ProvisioningStyle = Automatic;
					};
				};
			};
			buildConfigurationList = D196AA82C7CE7CF82CEA6C06 /* Build configuration list for PBXProject "Rekn" */;
			developmentRegion = en;
			hasScannedForEncodings = 0;
			knownRegions = (
				Base,
				en,
			);
			mainGroup = 1DA6FAACCA39A9DF7B72F83F;
			minimizedProjectReferenceProxies = 1;
			preferredProjectObjectVersion = 77;
			productRefGroup = D5031B6C530E2070CC311780 /* Products */;
			projectDirPath = "";
			projectRoot = "";
			targets = (
				938247ACE40C2122044376A9 /* Rekn */,
				4BEBD7BDEAB38D4557140738 /* ReknTests */,
				6C79122F92F92A532E02D793 /* ReknUITests */,
			);
		};
/* End PBXProject section */

/* Begin PBXResourcesBuildPhase section */
		158ECD28F1DAC91E85C80176 /* Resources */ = {
			isa = PBXResourcesBuildPhase;
			buildActionMask = 2147483647;
			files = (
				3C489EFA99DE54FAC73E6861 /* Assets.xcassets in Resources */,
			);
			runOnlyForDeploymentPostprocessing = 0;
		};
/* End PBXResourcesBuildPhase section */

/* Begin PBXSourcesBuildPhase section */
		390104B55F060207818415A5 /* Sources */ = {
			isa = PBXSourcesBuildPhase;
			buildActionMask = 2147483647;
			files = (
				B1C8452FBDDBDCF97429F57B /* APIClient.swift in Sources */,
				2E7BDDFF9BAF08C52FB09DF2 /* APIConfiguration.swift in Sources */,
				F724039B565BD143D394ADAB /* APIError.swift in Sources */,
				4C631954CE28177012B6ED1B /* APIModels.swift in Sources */,
				655DEC9A081D3ADBD52E21DB /* APIResponse.swift in Sources */,
				1E0F4FD045E19689B0FFCDE2 /* AddExpenseScreen.swift in Sources */,
				37915BDFA4DD57C5818E6006 /* AuthEndpoint.swift in Sources */,
				E411DFA64507ED9A9BD38ED1 /* AuthManager.swift in Sources */,
				AFF1924E157906DBBCEAA39E /* BalanceBar.swift in Sources */,
				698B1B87B2B4A4047ECF4791 /* ExpensesEndpoint.swift in Sources */,
				CA16739B37885481709B16CD /* Group.swift in Sources */,
				D08E9E06A7F2BC9A2DA71E4B /* GroupDetailScreen.swift in Sources */,
				B2F906E77003E466ABD3F2E5 /* GroupNameScreen.swift in Sources */,
				F7747832AF193BAE8B7360DE /* GroupStore.swift in Sources */,
				C6C192FCBAD548E99D37C8BD /* EditGroupScreen.swift in Sources */,
				D0B00EFFDF1D43018AA3A8AB /* Theme.swift in Sources */,
				D7AD7FC3B5844D158BEB1CF9 /* ReknTextField.swift in Sources */,
				C339A2E123F64EE294F28A0E /* SplitMode.swift in Sources */,
				E92CFF36AD704585860F1854 /* ExpenseDetailScreen.swift in Sources */,
				C7E8619B30AE40AEA0A2357D /* AddExpenseModel.swift in Sources */,
				7E0DA59466794197A70EBBE9 /* ExpenseDetailsStep.swift in Sources */,
				1F7733C6400644B9A326BEFE /* SplitConfigStep.swift in Sources */,
				49024A9ED5104332AD9D536D /* PayerSelectionScreen.swift in Sources */,
				36C76589026741778773A3A0 /* SplitModeScreen.swift in Sources */,
				AAB5DA17EE2F455DBE4D046E /* ReviewExpenseStep.swift in Sources */,
				B21522063EF6E318E9ACA30E /* GroupsEndpoint.swift in Sources */,
				9E3325C90E8E68836497FAB4 /* GroupsListScreen.swift in Sources */,
				C566F0729259CA9AF3B1F54A /* Helpers.swift in Sources */,
				6FE8858A643955BCC71E7EF5 /* KeychainService.swift in Sources */,
				11F8CD469D84ECB1F0BE8B4C /* MainTabView.swift in Sources */,
				8D3DA3116D424815A2C98085 /* MemberAvatar.swift in Sources */,
				6ACD1D60F43E32A0D366063D /* MemberPickerScreen.swift in Sources */,
				CBF0197E85FDF3A9A23BF3CD /* MembersEndpoint.swift in Sources */,
				58D6CFBDC7F073B90ADB6A92 /* NameSetupScreen.swift in Sources */,
				047A2CE3A2C4318F5AE847D0 /* OTPVerifyScreen.swift in Sources */,
				71CD7B675906DCD306577983 /* PhoneEntryScreen.swift in Sources */,
				A2C7FBE192841CC5308ECE3E /* ReknApp.swift in Sources */,
				0C5D2E0187DCD7336F4B8208 /* SectionCard.swift in Sources */,
				06607B05FC5E776C444B15C5 /* SettingsScreen.swift in Sources */,
				473B87E270C1EBB27239F80C /* SettleUpScreen.swift in Sources */,
				3CA797372F87ECFB00A3BEB7 /* GroupDetailPreviews.swift in Sources */,
				5B0537AB9A0C1FC44208670A /* SettlementDetailScreen.swift in Sources */,
				76E59E5974D31CE9A0292D4A /* SettlementsEndpoint.swift in Sources */,
			);
			runOnlyForDeploymentPostprocessing = 0;
		};
		5DC695CC692C94B4CC20EEA5 /* Sources */ = {
			isa = PBXSourcesBuildPhase;
			buildActionMask = 2147483647;
			files = (
				3E78B2D920F20163824C591E /* ReknTests.swift in Sources */,
			);
			runOnlyForDeploymentPostprocessing = 0;
		};
		D4CDBF37C97A81A46659960E /* Sources */ = {
			isa = PBXSourcesBuildPhase;
			buildActionMask = 2147483647;
			files = (
				DADD8C2F8DAE5A053B804A83 /* ReknUITests.swift in Sources */,
			);
			runOnlyForDeploymentPostprocessing = 0;
		};
/* End PBXSourcesBuildPhase section */

/* Begin PBXTargetDependency section */
		23E796F066B18FE65F94A1CC /* PBXTargetDependency */ = {
			isa = PBXTargetDependency;
			target = 938247ACE40C2122044376A9 /* Rekn */;
			targetProxy = 9AD925876D4EC6A696D5D8A0 /* PBXContainerItemProxy */;
		};
		615D79E778A2F070430C3EBD /* PBXTargetDependency */ = {
			isa = PBXTargetDependency;
			target = 938247ACE40C2122044376A9 /* Rekn */;
			targetProxy = ED4F9754B28622F3A1A9F2F9 /* PBXContainerItemProxy */;
		};
/* End PBXTargetDependency section */

/* Begin XCBuildConfiguration section */
		022BA86176C491DCE2AACE0F /* Debug */ = {
			isa = XCBuildConfiguration;
			buildSettings = {
				BUNDLE_LOADER = "$(TEST_HOST)";
				LD_RUNPATH_SEARCH_PATHS = (
					"$(inherited)",
					"@executable_path/Frameworks",
					"@loader_path/Frameworks",
				);
				PRODUCT_BUNDLE_IDENTIFIER = com.beckermathie.rekn.uitests;
				SDKROOT = iphoneos;
				TARGETED_DEVICE_FAMILY = "1,2";
				TEST_TARGET_NAME = Rekn;
			};
			name = Debug;
		};
		0B2DD7EAF969D8E984C552C2 /* Debug */ = {
			isa = XCBuildConfiguration;
			buildSettings = {
				ALWAYS_SEARCH_USER_PATHS = NO;
				CLANG_ANALYZER_NONNULL = YES;
				CLANG_ANALYZER_NUMBER_OBJECT_CONVERSION = YES_AGGRESSIVE;
				CLANG_CXX_LANGUAGE_STANDARD = "gnu++14";
				CLANG_CXX_LIBRARY = "libc++";
				CLANG_ENABLE_MODULES = YES;
				CLANG_ENABLE_OBJC_ARC = YES;
				CLANG_ENABLE_OBJC_WEAK = YES;
				CLANG_WARN_BLOCK_CAPTURE_AUTORELEASING = YES;
				CLANG_WARN_BOOL_CONVERSION = YES;
				CLANG_WARN_COMMA = YES;
				CLANG_WARN_CONSTANT_CONVERSION = YES;
				CLANG_WARN_DEPRECATED_OBJC_IMPLEMENTATIONS = YES;
				CLANG_WARN_DIRECT_OBJC_ISA_USAGE = YES_ERROR;
				CLANG_WARN_DOCUMENTATION_COMMENTS = YES;
				CLANG_WARN_EMPTY_BODY = YES;
				CLANG_WARN_ENUM_CONVERSION = YES;
				CLANG_WARN_INFINITE_RECURSION = YES;
				CLANG_WARN_INT_CONVERSION = YES;
				CLANG_WARN_NON_LITERAL_NULL_CONVERSION = YES;
				CLANG_WARN_OBJC_IMPLICIT_RETAIN_SELF = YES;
				CLANG_WARN_OBJC_LITERAL_CONVERSION = YES;
				CLANG_WARN_OBJC_ROOT_CLASS = YES_ERROR;
				CLANG_WARN_QUOTED_INCLUDE_IN_FRAMEWORK_HEADER = YES;
				CLANG_WARN_RANGE_LOOP_ANALYSIS = YES;
				CLANG_WARN_STRICT_PROTOTYPES = YES;
				CLANG_WARN_SUSPICIOUS_MOVE = YES;
				CLANG_WARN_UNGUARDED_AVAILABILITY = YES_AGGRESSIVE;
				CLANG_WARN_UNREACHABLE_CODE = YES;
				CLANG_WARN__DUPLICATE_METHOD_MATCH = YES;
				COPY_PHASE_STRIP = NO;
				DEBUG_INFORMATION_FORMAT = dwarf;
				ENABLE_STRICT_OBJC_MSGSEND = YES;
				ENABLE_TESTABILITY = YES;
				GCC_C_LANGUAGE_STANDARD = gnu11;
				GCC_DYNAMIC_NO_PIC = NO;
				GCC_NO_COMMON_BLOCKS = YES;
				GCC_OPTIMIZATION_LEVEL = 0;
				GCC_PREPROCESSOR_DEFINITIONS = (
					"$(inherited)",
					"DEBUG=1",
				);
				GCC_WARN_64_TO_32_BIT_CONVERSION = YES;
				GCC_WARN_ABOUT_RETURN_TYPE = YES_ERROR;
				GCC_WARN_UNDECLARED_SELECTOR = YES;
				GCC_WARN_UNINITIALIZED_AUTOS = YES_AGGRESSIVE;
				GCC_WARN_UNUSED_FUNCTION = YES;
				GCC_WARN_UNUSED_VARIABLE = YES;
				IPHONEOS_DEPLOYMENT_TARGET = 18.0;
				MTL_ENABLE_DEBUG_INFO = INCLUDE_SOURCE;
				MTL_FAST_MATH = YES;
				ONLY_ACTIVE_ARCH = YES;
				PRODUCT_NAME = "$(TARGET_NAME)";
				SDKROOT = iphoneos;
				SWIFT_ACTIVE_COMPILATION_CONDITIONS = DEBUG;
				SWIFT_OPTIMIZATION_LEVEL = "-Onone";
				SWIFT_VERSION = 5.0;
			};
			name = Debug;
		};
		2733C5668DBA794E9DAAFDE3 /* Release */ = {
			isa = XCBuildConfiguration;
			buildSettings = {
				BUNDLE_LOADER = "$(TEST_HOST)";
				LD_RUNPATH_SEARCH_PATHS = (
					"$(inherited)",
					"@executable_path/Frameworks",
					"@loader_path/Frameworks",
				);
				PRODUCT_BUNDLE_IDENTIFIER = com.beckermathie.rekn.tests;
				SDKROOT = iphoneos;
				TARGETED_DEVICE_FAMILY = "1,2";
				TEST_HOST = "$(BUILT_PRODUCTS_DIR)/Rekn.app/Rekn";
			};
			name = Release;
		};
		31D9C06ED6E86B718BE37880 /* Debug */ = {
			isa = XCBuildConfiguration;
			buildSettings = {
				BUNDLE_LOADER = "$(TEST_HOST)";
				LD_RUNPATH_SEARCH_PATHS = (
					"$(inherited)",
					"@executable_path/Frameworks",
					"@loader_path/Frameworks",
				);
				PRODUCT_BUNDLE_IDENTIFIER = com.beckermathie.rekn.tests;
				SDKROOT = iphoneos;
				TARGETED_DEVICE_FAMILY = "1,2";
				TEST_HOST = "$(BUILT_PRODUCTS_DIR)/Rekn.app/Rekn";
			};
			name = Debug;
		};
		52FF59B96C0102FEC51F1D43 /* Debug */ = {
			isa = XCBuildConfiguration;
			buildSettings = {
				ASSETCATALOG_COMPILER_APPICON_NAME = AppIcon;
				CODE_SIGN_IDENTITY = "iPhone Developer";
				CODE_SIGN_STYLE = Automatic;
				CURRENT_PROJECT_VERSION = 1;
				DEVELOPMENT_TEAM = WSHTD5Z42B;
				GENERATE_INFOPLIST_FILE = YES;
				INFOPLIST_FILE = Rekn/Info.plist;
				LD_RUNPATH_SEARCH_PATHS = (
					"$(inherited)",
					"@executable_path/Frameworks",
				);
				MARKETING_VERSION = 1.0.0;
				PRODUCT_BUNDLE_IDENTIFIER = com.beckermathie.rekn.app;
				SDKROOT = iphoneos;
				SWIFT_VERSION = 6.0;
				TARGETED_DEVICE_FAMILY = 1;
			};
			name = Debug;
		};
		5C32084D274FF57BCEF7DB44 /* Release */ = {
			isa = XCBuildConfiguration;
			buildSettings = {
				BUNDLE_LOADER = "$(TEST_HOST)";
				LD_RUNPATH_SEARCH_PATHS = (
					"$(inherited)",
					"@executable_path/Frameworks",
					"@loader_path/Frameworks",
				);
				PRODUCT_BUNDLE_IDENTIFIER = com.beckermathie.rekn.uitests;
				SDKROOT = iphoneos;
				TARGETED_DEVICE_FAMILY = "1,2";
				TEST_TARGET_NAME = Rekn;
			};
			name = Release;
		};
		73EA52ADF020BEB97F0440CE /* Release */ = {
			isa = XCBuildConfiguration;
			buildSettings = {
				ALWAYS_SEARCH_USER_PATHS = NO;
				CLANG_ANALYZER_NONNULL = YES;
				CLANG_ANALYZER_NUMBER_OBJECT_CONVERSION = YES_AGGRESSIVE;
				CLANG_CXX_LANGUAGE_STANDARD = "gnu++14";
				CLANG_CXX_LIBRARY = "libc++";
				CLANG_ENABLE_MODULES = YES;
				CLANG_ENABLE_OBJC_ARC = YES;
				CLANG_ENABLE_OBJC_WEAK = YES;
				CLANG_WARN_BLOCK_CAPTURE_AUTORELEASING = YES;
				CLANG_WARN_BOOL_CONVERSION = YES;
				CLANG_WARN_COMMA = YES;
				CLANG_WARN_CONSTANT_CONVERSION = YES;
				CLANG_WARN_DEPRECATED_OBJC_IMPLEMENTATIONS = YES;
				CLANG_WARN_DIRECT_OBJC_ISA_USAGE = YES_ERROR;
				CLANG_WARN_DOCUMENTATION_COMMENTS = YES;
				CLANG_WARN_EMPTY_BODY = YES;
				CLANG_WARN_ENUM_CONVERSION = YES;
				CLANG_WARN_INFINITE_RECURSION = YES;
				CLANG_WARN_INT_CONVERSION = YES;
				CLANG_WARN_NON_LITERAL_NULL_CONVERSION = YES;
				CLANG_WARN_OBJC_IMPLICIT_RETAIN_SELF = YES;
				CLANG_WARN_OBJC_LITERAL_CONVERSION = YES;
				CLANG_WARN_OBJC_ROOT_CLASS = YES_ERROR;
				CLANG_WARN_QUOTED_INCLUDE_IN_FRAMEWORK_HEADER = YES;
				CLANG_WARN_RANGE_LOOP_ANALYSIS = YES;
				CLANG_WARN_STRICT_PROTOTYPES = YES;
				CLANG_WARN_SUSPICIOUS_MOVE = YES;
				CLANG_WARN_UNGUARDED_AVAILABILITY = YES_AGGRESSIVE;
				CLANG_WARN_UNREACHABLE_CODE = YES;
				CLANG_WARN__DUPLICATE_METHOD_MATCH = YES;
				COPY_PHASE_STRIP = NO;
				DEBUG_INFORMATION_FORMAT = "dwarf-with-dsym";
				ENABLE_NS_ASSERTIONS = NO;
				ENABLE_STRICT_OBJC_MSGSEND = YES;
				GCC_C_LANGUAGE_STANDARD = gnu11;
				GCC_NO_COMMON_BLOCKS = YES;
				GCC_WARN_64_TO_32_BIT_CONVERSION = YES;
				GCC_WARN_ABOUT_RETURN_TYPE = YES_ERROR;
				GCC_WARN_UNDECLARED_SELECTOR = YES;
				GCC_WARN_UNINITIALIZED_AUTOS = YES_AGGRESSIVE;
				GCC_WARN_UNUSED_FUNCTION = YES;
				GCC_WARN_UNUSED_VARIABLE = YES;
				IPHONEOS_DEPLOYMENT_TARGET = 18.0;
				MTL_ENABLE_DEBUG_INFO = NO;
				MTL_FAST_MATH = YES;
				PRODUCT_NAME = "$(TARGET_NAME)";
				SDKROOT = iphoneos;
				SWIFT_COMPILATION_MODE = wholemodule;
				SWIFT_OPTIMIZATION_LEVEL = "-O";
				SWIFT_VERSION = 5.0;
			};
			name = Release;
		};
		E8974D9F5580B3DCFC59B6A4 /* Release */ = {
			isa = XCBuildConfiguration;
			buildSettings = {
				ASSETCATALOG_COMPILER_APPICON_NAME = AppIcon;
				CODE_SIGN_IDENTITY = "iPhone Developer";
				CODE_SIGN_STYLE = Automatic;
				CURRENT_PROJECT_VERSION = 1;
				DEVELOPMENT_TEAM = WSHTD5Z42B;
				GENERATE_INFOPLIST_FILE = YES;
				INFOPLIST_FILE = Rekn/Info.plist;
				LD_RUNPATH_SEARCH_PATHS = (
					"$(inherited)",
					"@executable_path/Frameworks",
				);
				MARKETING_VERSION = 1.0.0;
				PRODUCT_BUNDLE_IDENTIFIER = com.beckermathie.rekn.app;
				SDKROOT = iphoneos;
				SWIFT_VERSION = 6.0;
				TARGETED_DEVICE_FAMILY = 1;
			};
			name = Release;
		};
/* End XCBuildConfiguration section */

/* Begin XCConfigurationList section */
		287E854D7A46B1B28078C61E /* Build configuration list for PBXNativeTarget "ReknUITests" */ = {
			isa = XCConfigurationList;
			buildConfigurations = (
				022BA86176C491DCE2AACE0F /* Debug */,
				5C32084D274FF57BCEF7DB44 /* Release */,
			);
			defaultConfigurationIsVisible = 0;
			defaultConfigurationName = Debug;
		};
		2BBD4BB03C6144118D822D94 /* Build configuration list for PBXNativeTarget "Rekn" */ = {
			isa = XCConfigurationList;
			buildConfigurations = (
				52FF59B96C0102FEC51F1D43 /* Debug */,
				E8974D9F5580B3DCFC59B6A4 /* Release */,
			);
			defaultConfigurationIsVisible = 0;
			defaultConfigurationName = Debug;
		};
		39B5953D1303394A4499539E /* Build configuration list for PBXNativeTarget "ReknTests" */ = {
			isa = XCConfigurationList;
			buildConfigurations = (
				31D9C06ED6E86B718BE37880 /* Debug */,
				2733C5668DBA794E9DAAFDE3 /* Release */,
			);
			defaultConfigurationIsVisible = 0;
			defaultConfigurationName = Debug;
		};
		D196AA82C7CE7CF82CEA6C06 /* Build configuration list for PBXProject "Rekn" */ = {
			isa = XCConfigurationList;
			buildConfigurations = (
				0B2DD7EAF969D8E984C552C2 /* Debug */,
				73EA52ADF020BEB97F0440CE /* Release */,
			);
			defaultConfigurationIsVisible = 0;
			defaultConfigurationName = Debug;
		};
/* End XCConfigurationList section */
	};
	rootObject = B6ECC7C61930F32CAD74D7C1 /* Project object */;
}
